
Microsoft Visual Studio Solution File, Format Version 12.00
# Visual Studio Version 17
VisualStudioVersion = 17.3.32922.545
MinimumVisualStudioVersion = 10.0.40219.1
Project("{FAE04EC0-301F-11D3-BF4B-00C04F79EFBC}") = "API_WEB", "API_WEB\API_WEB.csproj", "{20D7AD38-D8E6-4DD7-911A-BF24DC8520AA}"
EndProject
Global
	GlobalSection(SolutionConfigurationPlatforms) = preSolution
		Debug|Any CPU = Debug|Any CPU
		Release|Any CPU = Release|Any CPU
	EndGlobalSection
	GlobalSection(ProjectConfigurationPlatforms) = postSolution
		{20D7AD38-D8E6-4DD7-911A-BF24DC8520AA}.Debug|Any CPU.ActiveCfg = Debug|Any CPU
		{20D7AD38-D8E6-4DD7-911A-BF24DC8520AA}.Debug|Any CPU.Build.0 = Debug|Any CPU
		{20D7AD38-D8E6-4DD7-911A-BF24DC8520AA}.Release|Any CPU.ActiveCfg = Release|Any CPU
		{20D7AD38-D8E6-4DD7-911A-BF24DC8520AA}.Release|Any CPU.Build.0 = Release|Any CPU
	EndGlobalSection
	GlobalSection(SolutionProperties) = preSolution
		HideSolutionNode = FALSE
	EndGlobalSection
	GlobalSection(ExtensibilityGlobals) = postSolution
		SolutionGuid = {AC0B87DF-5508-410F-8B5C-B19A34EC8D1A}
	EndGlobalSection
EndGlobal
